
Microsoft Visual Studio Solution File, Format Version 12.00
# Visual Studio Version 17
VisualStudioVersion = 17.0.31912.275
MinimumVisualStudioVersion = 10.0.40219.1
Project("{FAE04EC0-301F-11D3-BF4B-00C04F79EFBC}") = "Tupiniquim.ConsoleAPP", "Tupiniquim.ConsoleAPP\Tupiniquim.ConsoleAPP.csproj", "{C709FAC5-AFE1-403B-B27C-46BB5D6921E8}"
EndProject
Global
	GlobalSection(SolutionConfigurationPlatforms) = preSolution
		Debug|Any CPU = Debug|Any CPU
		Release|Any CPU = Release|Any CPU
	EndGlobalSection
	GlobalSection(ProjectConfigurationPlatforms) = postSolution
		{C709FAC5-AFE1-403B-B27C-46BB5D6921E8}.Debug|Any CPU.ActiveCfg = Debug|Any CPU
		{C709FAC5-AFE1-403B-B27C-46BB5D6921E8}.Debug|Any CPU.Build.0 = Debug|Any CPU
		{C709FAC5-AFE1-403B-B27C-46BB5D6921E8}.Release|Any CPU.ActiveCfg = Release|Any CPU
		{C709FAC5-AFE1-403B-B27C-46BB5D6921E8}.Release|Any CPU.Build.0 = Release|Any CPU
	EndGlobalSection
	GlobalSection(SolutionProperties) = preSolution
		HideSolutionNode = FALSE
	EndGlobalSection
	GlobalSection(ExtensibilityGlobals) = postSolution
		SolutionGuid = {BA9D1FA9-A67D-4209-A96C-19D3411CD756}
	EndGlobalSection
EndGlobal
